
Microsoft Visual Studio Solution File, Format Version 12.00
# Visual Studio Version 16
VisualStudioVersion = 16.0.32228.343
MinimumVisualStudioVersion = 10.0.40219.1
Project("{FAE04EC0-301F-11D3-BF4B-00C04F79EFBC}") = "MyGrasshopperAssembly2", "MyGrasshopperAssembly2.csproj", "{05738D67-DE83-44F1-B8C9-2DDAC8393F20}"
EndProject
Global
	GlobalSection(SolutionConfigurationPlatforms) = preSolution
		Debug|Any CPU = Debug|Any CPU
		Release|Any CPU = Release|Any CPU
	EndGlobalSection
	GlobalSection(ProjectConfigurationPlatforms) = postSolution
		{05738D67-DE83-44F1-B8C9-2DDAC8393F20}.Debug|Any CPU.ActiveCfg = Debug|Any CPU
		{05738D67-DE83-44F1-B8C9-2DDAC8393F20}.Debug|Any CPU.Build.0 = Debug|Any CPU
		{05738D67-DE83-44F1-B8C9-2DDAC8393F20}.Release|Any CPU.ActiveCfg = Release|Any CPU
		{05738D67-DE83-44F1-B8C9-2DDAC8393F20}.Release|Any CPU.Build.0 = Release|Any CPU
	EndGlobalSection
	GlobalSection(SolutionProperties) = preSolution
		HideSolutionNode = FALSE
	EndGlobalSection
	GlobalSection(ExtensibilityGlobals) = postSolution
		SolutionGuid = {B1B49605-2B91-4F2B-81A4-96E56F6E18FD}
	EndGlobalSection
EndGlobal
