
Microsoft Visual Studio Solution File, Format Version 12.00
# Visual Studio Version 17
VisualStudioVersion = 17.0.32112.339
MinimumVisualStudioVersion = 10.0.40219.1
Project("{FAE04EC0-301F-11D3-BF4B-00C04F79EFBC}") = "gh_test", "gh_test\gh_test.csproj", "{5E114A43-5B26-44AB-AEEB-78D5AFDD2DFC}"
EndProject
Global
	GlobalSection(SolutionConfigurationPlatforms) = preSolution
		Debug|Any CPU = Debug|Any CPU
		Release|Any CPU = Release|Any CPU
	EndGlobalSection
	GlobalSection(ProjectConfigurationPlatforms) = postSolution
		{5E114A43-5B26-44AB-AEEB-78D5AFDD2DFC}.Debug|Any CPU.ActiveCfg = Debug|Any CPU
		{5E114A43-5B26-44AB-AEEB-78D5AFDD2DFC}.Debug|Any CPU.Build.0 = Debug|Any CPU
		{5E114A43-5B26-44AB-AEEB-78D5AFDD2DFC}.Release|Any CPU.ActiveCfg = Release|Any CPU
		{5E114A43-5B26-44AB-AEEB-78D5AFDD2DFC}.Release|Any CPU.Build.0 = Release|Any CPU
	EndGlobalSection
	GlobalSection(SolutionProperties) = preSolution
		HideSolutionNode = FALSE
	EndGlobalSection
	GlobalSection(ExtensibilityGlobals) = postSolution
		SolutionGuid = {CDC1695B-AFBC-40CD-B0FA-30C9C53C4C22}
	EndGlobalSection
EndGlobal
