
Microsoft Visual Studio Solution File, Format Version 12.00
# Visual Studio Version 16
VisualStudioVersion = 16.0.32106.194
MinimumVisualStudioVersion = 10.0.40219.1
Project("{FAE04EC0-301F-11D3-BF4B-00C04F79EFBC}") = "CurveBooleanBoundaryRegion", "CurveBooleanBoundaryRegion.csproj", "{4F8FBFF1-E3DD-4600-8B9A-87DF582916C7}"
EndProject
Global
	GlobalSection(SolutionConfigurationPlatforms) = preSolution
		Debug|Any CPU = Debug|Any CPU
		Release|Any CPU = Release|Any CPU
	EndGlobalSection
	GlobalSection(ProjectConfigurationPlatforms) = postSolution
		{4F8FBFF1-E3DD-4600-8B9A-87DF582916C7}.Debug|Any CPU.ActiveCfg = Debug|Any CPU
		{4F8FBFF1-E3DD-4600-8B9A-87DF582916C7}.Debug|Any CPU.Build.0 = Debug|Any CPU
		{4F8FBFF1-E3DD-4600-8B9A-87DF582916C7}.Release|Any CPU.ActiveCfg = Release|Any CPU
		{4F8FBFF1-E3DD-4600-8B9A-87DF582916C7}.Release|Any CPU.Build.0 = Release|Any CPU
	EndGlobalSection
	GlobalSection(SolutionProperties) = preSolution
		HideSolutionNode = FALSE
	EndGlobalSection
	GlobalSection(ExtensibilityGlobals) = postSolution
		SolutionGuid = {252F1847-F2C7-4902-86C8-0E9DDCFB6514}
	EndGlobalSection
EndGlobal
